
Microsoft Visual Studio Solution File, Format Version 12.00
# Visual Studio Version 16
VisualStudioVersion = 16.0.29613.14
MinimumVisualStudioVersion = 10.0.40219.1
Project("{9A19103F-16F7-4668-BE54-9A1E7A4F7556}") = "快速排序(Quick sort)", "DATA_STRUCTURE_AND_ALGORITHM\快速排序(Quick sort).csproj", "{3A281457-D7EA-4B75-B788-318A5688FE8F}"
EndProject
Project("{FAE04EC0-301F-11D3-BF4B-00C04F79EFBC}") = "计数排序(Counting Sort)", "计数排序(Counting Sort)\计数排序(Counting Sort).csproj", "{7CC5AD28-7825-4037-86E8-ECB89AB1D48E}"
EndProject
Global
	GlobalSection(SolutionConfigurationPlatforms) = preSolution
		Debug|Any CPU = Debug|Any CPU
		Release|Any CPU = Release|Any CPU
	EndGlobalSection
	GlobalSection(ProjectConfigurationPlatforms) = postSolution
		{3A281457-D7EA-4B75-B788-318A5688FE8F}.Debug|Any CPU.ActiveCfg = Debug|Any CPU
		{3A281457-D7EA-4B75-B788-318A5688FE8F}.Debug|Any CPU.Build.0 = Debug|Any CPU
		{3A281457-D7EA-4B75-B788-318A5688FE8F}.Release|Any CPU.ActiveCfg = Release|Any CPU
		{3A281457-D7EA-4B75-B788-318A5688FE8F}.Release|Any CPU.Build.0 = Release|Any CPU
		{7CC5AD28-7825-4037-86E8-ECB89AB1D48E}.Debug|Any CPU.ActiveCfg = Debug|Any CPU
		{7CC5AD28-7825-4037-86E8-ECB89AB1D48E}.Debug|Any CPU.Build.0 = Debug|Any CPU
		{7CC5AD28-7825-4037-86E8-ECB89AB1D48E}.Release|Any CPU.ActiveCfg = Release|Any CPU
		{7CC5AD28-7825-4037-86E8-ECB89AB1D48E}.Release|Any CPU.Build.0 = Release|Any CPU
	EndGlobalSection
	GlobalSection(SolutionProperties) = preSolution
		HideSolutionNode = FALSE
	EndGlobalSection
	GlobalSection(ExtensibilityGlobals) = postSolution
		SolutionGuid = {11BA1988-324A-49D1-AA57-D19EC983BCCF}
	EndGlobalSection
EndGlobal
